
Microsoft Visual Studio Solution File, Format Version 12.00
# Visual Studio Version 17
VisualStudioVersion = 17.5.33627.172
MinimumVisualStudioVersion = 10.0.40219.1
Project("{9A19103F-16F7-4668-BE54-9A1E7A4F7556}") = "RetroEngine", "RetroEngine\RetroEngine.csproj", "{C0A854D8-0215-4FC5-A6FA-D7F0897F4FBC}"
EndProject
Project("{9A19103F-16F7-4668-BE54-9A1E7A4F7556}") = "RetroEngine.Desktop", "RetroEngine.Desktop\RetroEngine.Desktop.csproj", "{9A5DA8DC-9C86-4698-84C9-08CD384714F8}"
EndProject
Project("{9A19103F-16F7-4668-BE54-9A1E7A4F7556}") = "RetroEngine.Game", "RetroEngine.Game\RetroEngine.Game.csproj", "{59AAE7ED-324D-4A9B-B1B5-D4F7A56CA3F1}"
EndProject
Project("{9A19103F-16F7-4668-BE54-9A1E7A4F7556}") = "MGSkinnedModel", "MGSkinnedModel\MGSkinnedModel.csproj", "{0C5C1CB6-4F2F-4BD3-90EC-BEB90D4C559B}"
EndProject
Project("{9A19103F-16F7-4668-BE54-9A1E7A4F7556}") = "SkinnedModelProcessor", "SkinnedModelProcessor\SkinnedModelProcessor.csproj", "{E0A4D104-AC67-4E48-A4FB-79D32C7D6458}"
EndProject
Project("{9A19103F-16F7-4668-BE54-9A1E7A4F7556}") = "Monogame.ImGuiNet", "MonoGame.ImGuiNet\Monogame.ImGuiNet.csproj", "{C66C7843-37EB-4275-875A-2FAA37EA2134}"
EndProject
Project("{2150E333-8FDC-42A3-9474-1A3956D46DE8}") = "Libs", "Libs", "{AC782ACF-45CF-4201-9B0D-F0FA47102515}"
EndProject
Global
	GlobalSection(SolutionConfigurationPlatforms) = preSolution
		Debug|Any CPU = Debug|Any CPU
		Debug|x64 = Debug|x64
		Release|Any CPU = Release|Any CPU
		Release|x64 = Release|x64
	EndGlobalSection
	GlobalSection(ProjectConfigurationPlatforms) = postSolution
		{C0A854D8-0215-4FC5-A6FA-D7F0897F4FBC}.Debug|Any CPU.ActiveCfg = Debug|Any CPU
		{C0A854D8-0215-4FC5-A6FA-D7F0897F4FBC}.Debug|Any CPU.Build.0 = Debug|Any CPU
		{C0A854D8-0215-4FC5-A6FA-D7F0897F4FBC}.Debug|x64.ActiveCfg = Debug|x64
		{C0A854D8-0215-4FC5-A6FA-D7F0897F4FBC}.Debug|x64.Build.0 = Debug|x64
		{C0A854D8-0215-4FC5-A6FA-D7F0897F4FBC}.Release|Any CPU.ActiveCfg = Release|Any CPU
		{C0A854D8-0215-4FC5-A6FA-D7F0897F4FBC}.Release|Any CPU.Build.0 = Release|Any CPU
		{C0A854D8-0215-4FC5-A6FA-D7F0897F4FBC}.Release|x64.ActiveCfg = Release|x64
		{C0A854D8-0215-4FC5-A6FA-D7F0897F4FBC}.Release|x64.Build.0 = Release|x64
		{9A5DA8DC-9C86-4698-84C9-08CD384714F8}.Debug|Any CPU.ActiveCfg = Debug|Any CPU
		{9A5DA8DC-9C86-4698-84C9-08CD384714F8}.Debug|Any CPU.Build.0 = Debug|Any CPU
		{9A5DA8DC-9C86-4698-84C9-08CD384714F8}.Debug|x64.ActiveCfg = Debug|x64
		{9A5DA8DC-9C86-4698-84C9-08CD384714F8}.Debug|x64.Build.0 = Debug|x64
		{9A5DA8DC-9C86-4698-84C9-08CD384714F8}.Release|Any CPU.ActiveCfg = Release|Any CPU
		{9A5DA8DC-9C86-4698-84C9-08CD384714F8}.Release|Any CPU.Build.0 = Release|Any CPU
		{9A5DA8DC-9C86-4698-84C9-08CD384714F8}.Release|x64.ActiveCfg = Release|x64
		{9A5DA8DC-9C86-4698-84C9-08CD384714F8}.Release|x64.Build.0 = Release|x64
		{59AAE7ED-324D-4A9B-B1B5-D4F7A56CA3F1}.Debug|Any CPU.ActiveCfg = Debug|Any CPU
		{59AAE7ED-324D-4A9B-B1B5-D4F7A56CA3F1}.Debug|Any CPU.Build.0 = Debug|Any CPU
		{59AAE7ED-324D-4A9B-B1B5-D4F7A56CA3F1}.Debug|x64.ActiveCfg = Debug|x64
		{59AAE7ED-324D-4A9B-B1B5-D4F7A56CA3F1}.Debug|x64.Build.0 = Debug|x64
		{59AAE7ED-324D-4A9B-B1B5-D4F7A56CA3F1}.Release|Any CPU.ActiveCfg = Release|Any CPU
		{59AAE7ED-324D-4A9B-B1B5-D4F7A56CA3F1}.Release|Any CPU.Build.0 = Release|Any CPU
		{59AAE7ED-324D-4A9B-B1B5-D4F7A56CA3F1}.Release|x64.ActiveCfg = Release|x64
		{59AAE7ED-324D-4A9B-B1B5-D4F7A56CA3F1}.Release|x64.Build.0 = Release|x64
		{0C5C1CB6-4F2F-4BD3-90EC-BEB90D4C559B}.Debug|Any CPU.ActiveCfg = Debug|Any CPU
		{0C5C1CB6-4F2F-4BD3-90EC-BEB90D4C559B}.Debug|Any CPU.Build.0 = Debug|Any CPU
		{0C5C1CB6-4F2F-4BD3-90EC-BEB90D4C559B}.Debug|x64.ActiveCfg = Debug|x64
		{0C5C1CB6-4F2F-4BD3-90EC-BEB90D4C559B}.Debug|x64.Build.0 = Debug|x64
		{0C5C1CB6-4F2F-4BD3-90EC-BEB90D4C559B}.Release|Any CPU.ActiveCfg = Release|Any CPU
		{0C5C1CB6-4F2F-4BD3-90EC-BEB90D4C559B}.Release|Any CPU.Build.0 = Release|Any CPU
		{0C5C1CB6-4F2F-4BD3-90EC-BEB90D4C559B}.Release|x64.ActiveCfg = Release|x64
		{0C5C1CB6-4F2F-4BD3-90EC-BEB90D4C559B}.Release|x64.Build.0 = Release|x64
		{E0A4D104-AC67-4E48-A4FB-79D32C7D6458}.Debug|Any CPU.ActiveCfg = Debug|Any CPU
		{E0A4D104-AC67-4E48-A4FB-79D32C7D6458}.Debug|Any CPU.Build.0 = Debug|Any CPU
		{E0A4D104-AC67-4E48-A4FB-79D32C7D6458}.Debug|x64.ActiveCfg = Debug|x64
		{E0A4D104-AC67-4E48-A4FB-79D32C7D6458}.Debug|x64.Build.0 = Debug|x64
		{E0A4D104-AC67-4E48-A4FB-79D32C7D6458}.Release|Any CPU.ActiveCfg = Release|Any CPU
		{E0A4D104-AC67-4E48-A4FB-79D32C7D6458}.Release|Any CPU.Build.0 = Release|Any CPU
		{E0A4D104-AC67-4E48-A4FB-79D32C7D6458}.Release|x64.ActiveCfg = Release|x64
		{E0A4D104-AC67-4E48-A4FB-79D32C7D6458}.Release|x64.Build.0 = Release|x64
		{C66C7843-37EB-4275-875A-2FAA37EA2134}.Debug|Any CPU.ActiveCfg = Debug|Any CPU
		{C66C7843-37EB-4275-875A-2FAA37EA2134}.Debug|Any CPU.Build.0 = Debug|Any CPU
		{C66C7843-37EB-4275-875A-2FAA37EA2134}.Debug|x64.ActiveCfg = Debug|x64
		{C66C7843-37EB-4275-875A-2FAA37EA2134}.Debug|x64.Build.0 = Debug|x64
		{C66C7843-37EB-4275-875A-2FAA37EA2134}.Release|Any CPU.ActiveCfg = Release|Any CPU
		{C66C7843-37EB-4275-875A-2FAA37EA2134}.Release|Any CPU.Build.0 = Release|Any CPU
		{C66C7843-37EB-4275-875A-2FAA37EA2134}.Release|x64.ActiveCfg = Release|x64
		{C66C7843-37EB-4275-875A-2FAA37EA2134}.Release|x64.Build.0 = Release|x64
	EndGlobalSection
	GlobalSection(SolutionProperties) = preSolution
		HideSolutionNode = FALSE
	EndGlobalSection
	GlobalSection(NestedProjects) = preSolution
		{0C5C1CB6-4F2F-4BD3-90EC-BEB90D4C559B} = {AC782ACF-45CF-4201-9B0D-F0FA47102515}
		{E0A4D104-AC67-4E48-A4FB-79D32C7D6458} = {AC782ACF-45CF-4201-9B0D-F0FA47102515}
		{C66C7843-37EB-4275-875A-2FAA37EA2134} = {AC782ACF-45CF-4201-9B0D-F0FA47102515}
	EndGlobalSection
	GlobalSection(ExtensibilityGlobals) = postSolution
		SolutionGuid = {CD871269-795C-4097-8657-7A67207223D4}
	EndGlobalSection
EndGlobal
