
Microsoft Visual Studio Solution File, Format Version 12.00
# Visual Studio Version 17
VisualStudioVersion = 17.5.33627.172
MinimumVisualStudioVersion = 10.0.40219.1
Project("{9A19103F-16F7-4668-BE54-9A1E7A4F7556}") = "RetroEngine", "RetroEngine\RetroEngine.csproj", "{C0A854D8-0215-4FC5-A6FA-D7F0897F4FBC}"
EndProject
Project("{9A19103F-16F7-4668-BE54-9A1E7A4F7556}") = "RetroEngine.Desktop", "RetroEngine.Desktop\RetroEngine.Desktop.csproj", "{9A5DA8DC-9C86-4698-84C9-08CD384714F8}"
EndProject
Project("{9A19103F-16F7-4668-BE54-9A1E7A4F7556}") = "RetroEngine.Game", "RetroEngine.Game\RetroEngine.Game.csproj", "{59AAE7ED-324D-4A9B-B1B5-D4F7A56CA3F1}"
EndProject
Project("{9A19103F-16F7-4668-BE54-9A1E7A4F7556}") = "Monogame.ImGuiNet", "MonoGame.ImGuiNet\Monogame.ImGuiNet.csproj", "{C66C7843-37EB-4275-875A-2FAA37EA2134}"
EndProject
Project("{2150E333-8FDC-42A3-9474-1A3956D46DE8}") = "Libs", "Libs", "{AC782ACF-45CF-4201-9B0D-F0FA47102515}"
EndProject
Project("{9A19103F-16F7-4668-BE54-9A1E7A4F7556}") = "RetroEngine.Windows", "RetroEngine.Windows\RetroEngine.Windows.csproj", "{D5E232F8-52C0-4CB2-A39E-868AE3B4BBAA}"
EndProject
Project("{9A19103F-16F7-4668-BE54-9A1E7A4F7556}") = "MonoGame.Framework.DesktopGL", "Libs\MonoGame\MonoGame.Framework\MonoGame.Framework.DesktopGL.csproj", "{57E30945-AECE-4606-A091-F68DFBB58B29}"
EndProject
Project("{9A19103F-16F7-4668-BE54-9A1E7A4F7556}") = "MonoGame.Framework.Content.Pipeline", "Libs\MonoGame\MonoGame.Framework.Content.Pipeline\MonoGame.Framework.Content.Pipeline.csproj", "{E0AB0297-5736-4110-A41E-523461494F8A}"
EndProject
Global
	GlobalSection(SolutionConfigurationPlatforms) = preSolution
		Debug|Any CPU = Debug|Any CPU
		Debug|ARM = Debug|ARM
		Debug|x64 = Debug|x64
		Debug|x86 = Debug|x86
		Release|Any CPU = Release|Any CPU
		Release|ARM = Release|ARM
		Release|x64 = Release|x64
		Release|x86 = Release|x86
	EndGlobalSection
	GlobalSection(ProjectConfigurationPlatforms) = postSolution
		{C0A854D8-0215-4FC5-A6FA-D7F0897F4FBC}.Debug|Any CPU.ActiveCfg = Debug|Any CPU
		{C0A854D8-0215-4FC5-A6FA-D7F0897F4FBC}.Debug|Any CPU.Build.0 = Debug|Any CPU
		{C0A854D8-0215-4FC5-A6FA-D7F0897F4FBC}.Debug|ARM.ActiveCfg = Debug|Any CPU
		{C0A854D8-0215-4FC5-A6FA-D7F0897F4FBC}.Debug|ARM.Build.0 = Debug|Any CPU
		{C0A854D8-0215-4FC5-A6FA-D7F0897F4FBC}.Debug|x64.ActiveCfg = Debug|x64
		{C0A854D8-0215-4FC5-A6FA-D7F0897F4FBC}.Debug|x64.Build.0 = Debug|x64
		{C0A854D8-0215-4FC5-A6FA-D7F0897F4FBC}.Debug|x86.ActiveCfg = Debug|x86
		{C0A854D8-0215-4FC5-A6FA-D7F0897F4FBC}.Debug|x86.Build.0 = Debug|x86
		{C0A854D8-0215-4FC5-A6FA-D7F0897F4FBC}.Release|Any CPU.ActiveCfg = Release|Any CPU
		{C0A854D8-0215-4FC5-A6FA-D7F0897F4FBC}.Release|Any CPU.Build.0 = Release|Any CPU
		{C0A854D8-0215-4FC5-A6FA-D7F0897F4FBC}.Release|ARM.ActiveCfg = Release|Any CPU
		{C0A854D8-0215-4FC5-A6FA-D7F0897F4FBC}.Release|ARM.Build.0 = Release|Any CPU
		{C0A854D8-0215-4FC5-A6FA-D7F0897F4FBC}.Release|x64.ActiveCfg = Release|x64
		{C0A854D8-0215-4FC5-A6FA-D7F0897F4FBC}.Release|x64.Build.0 = Release|x64
		{C0A854D8-0215-4FC5-A6FA-D7F0897F4FBC}.Release|x86.ActiveCfg = Release|x86
		{C0A854D8-0215-4FC5-A6FA-D7F0897F4FBC}.Release|x86.Build.0 = Release|x86
		{9A5DA8DC-9C86-4698-84C9-08CD384714F8}.Debug|Any CPU.ActiveCfg = Debug|Any CPU
		{9A5DA8DC-9C86-4698-84C9-08CD384714F8}.Debug|Any CPU.Build.0 = Debug|Any CPU
		{9A5DA8DC-9C86-4698-84C9-08CD384714F8}.Debug|ARM.ActiveCfg = Debug|Any CPU
		{9A5DA8DC-9C86-4698-84C9-08CD384714F8}.Debug|ARM.Build.0 = Debug|Any CPU
		{9A5DA8DC-9C86-4698-84C9-08CD384714F8}.Debug|x64.ActiveCfg = Debug|x64
		{9A5DA8DC-9C86-4698-84C9-08CD384714F8}.Debug|x64.Build.0 = Debug|x64
		{9A5DA8DC-9C86-4698-84C9-08CD384714F8}.Debug|x86.ActiveCfg = Debug|x86
		{9A5DA8DC-9C86-4698-84C9-08CD384714F8}.Debug|x86.Build.0 = Debug|x86
		{9A5DA8DC-9C86-4698-84C9-08CD384714F8}.Release|Any CPU.ActiveCfg = Release|Any CPU
		{9A5DA8DC-9C86-4698-84C9-08CD384714F8}.Release|Any CPU.Build.0 = Release|Any CPU
		{9A5DA8DC-9C86-4698-84C9-08CD384714F8}.Release|ARM.ActiveCfg = Release|Any CPU
		{9A5DA8DC-9C86-4698-84C9-08CD384714F8}.Release|ARM.Build.0 = Release|Any CPU
		{9A5DA8DC-9C86-4698-84C9-08CD384714F8}.Release|x64.ActiveCfg = Release|x64
		{9A5DA8DC-9C86-4698-84C9-08CD384714F8}.Release|x64.Build.0 = Release|x64
		{9A5DA8DC-9C86-4698-84C9-08CD384714F8}.Release|x86.ActiveCfg = Release|x86
		{9A5DA8DC-9C86-4698-84C9-08CD384714F8}.Release|x86.Build.0 = Release|x86
		{59AAE7ED-324D-4A9B-B1B5-D4F7A56CA3F1}.Debug|Any CPU.ActiveCfg = Debug|Any CPU
		{59AAE7ED-324D-4A9B-B1B5-D4F7A56CA3F1}.Debug|Any CPU.Build.0 = Debug|Any CPU
		{59AAE7ED-324D-4A9B-B1B5-D4F7A56CA3F1}.Debug|ARM.ActiveCfg = Debug|Any CPU
		{59AAE7ED-324D-4A9B-B1B5-D4F7A56CA3F1}.Debug|ARM.Build.0 = Debug|Any CPU
		{59AAE7ED-324D-4A9B-B1B5-D4F7A56CA3F1}.Debug|x64.ActiveCfg = Debug|x64
		{59AAE7ED-324D-4A9B-B1B5-D4F7A56CA3F1}.Debug|x64.Build.0 = Debug|x64
		{59AAE7ED-324D-4A9B-B1B5-D4F7A56CA3F1}.Debug|x86.ActiveCfg = Debug|x86
		{59AAE7ED-324D-4A9B-B1B5-D4F7A56CA3F1}.Debug|x86.Build.0 = Debug|x86
		{59AAE7ED-324D-4A9B-B1B5-D4F7A56CA3F1}.Release|Any CPU.ActiveCfg = Release|Any CPU
		{59AAE7ED-324D-4A9B-B1B5-D4F7A56CA3F1}.Release|Any CPU.Build.0 = Release|Any CPU
		{59AAE7ED-324D-4A9B-B1B5-D4F7A56CA3F1}.Release|ARM.ActiveCfg = Release|Any CPU
		{59AAE7ED-324D-4A9B-B1B5-D4F7A56CA3F1}.Release|ARM.Build.0 = Release|Any CPU
		{59AAE7ED-324D-4A9B-B1B5-D4F7A56CA3F1}.Release|x64.ActiveCfg = Release|x64
		{59AAE7ED-324D-4A9B-B1B5-D4F7A56CA3F1}.Release|x64.Build.0 = Release|x64
		{59AAE7ED-324D-4A9B-B1B5-D4F7A56CA3F1}.Release|x86.ActiveCfg = Release|x86
		{59AAE7ED-324D-4A9B-B1B5-D4F7A56CA3F1}.Release|x86.Build.0 = Release|x86
		{C66C7843-37EB-4275-875A-2FAA37EA2134}.Debug|Any CPU.ActiveCfg = Debug|Any CPU
		{C66C7843-37EB-4275-875A-2FAA37EA2134}.Debug|Any CPU.Build.0 = Debug|Any CPU
		{C66C7843-37EB-4275-875A-2FAA37EA2134}.Debug|ARM.ActiveCfg = Debug|Any CPU
		{C66C7843-37EB-4275-875A-2FAA37EA2134}.Debug|ARM.Build.0 = Debug|Any CPU
		{C66C7843-37EB-4275-875A-2FAA37EA2134}.Debug|x64.ActiveCfg = Debug|x64
		{C66C7843-37EB-4275-875A-2FAA37EA2134}.Debug|x64.Build.0 = Debug|x64
		{C66C7843-37EB-4275-875A-2FAA37EA2134}.Debug|x86.ActiveCfg = Debug|x86
		{C66C7843-37EB-4275-875A-2FAA37EA2134}.Debug|x86.Build.0 = Debug|x86
		{C66C7843-37EB-4275-875A-2FAA37EA2134}.Release|Any CPU.ActiveCfg = Release|Any CPU
		{C66C7843-37EB-4275-875A-2FAA37EA2134}.Release|Any CPU.Build.0 = Release|Any CPU
		{C66C7843-37EB-4275-875A-2FAA37EA2134}.Release|ARM.ActiveCfg = Release|Any CPU
		{C66C7843-37EB-4275-875A-2FAA37EA2134}.Release|ARM.Build.0 = Release|Any CPU
		{C66C7843-37EB-4275-875A-2FAA37EA2134}.Release|x64.ActiveCfg = Release|x64
		{C66C7843-37EB-4275-875A-2FAA37EA2134}.Release|x64.Build.0 = Release|x64
		{C66C7843-37EB-4275-875A-2FAA37EA2134}.Release|x86.ActiveCfg = Release|x86
		{C66C7843-37EB-4275-875A-2FAA37EA2134}.Release|x86.Build.0 = Release|x86
		{D5E232F8-52C0-4CB2-A39E-868AE3B4BBAA}.Debug|Any CPU.ActiveCfg = Debug|Any CPU
		{D5E232F8-52C0-4CB2-A39E-868AE3B4BBAA}.Debug|Any CPU.Build.0 = Debug|Any CPU
		{D5E232F8-52C0-4CB2-A39E-868AE3B4BBAA}.Debug|ARM.ActiveCfg = Debug|Any CPU
		{D5E232F8-52C0-4CB2-A39E-868AE3B4BBAA}.Debug|ARM.Build.0 = Debug|Any CPU
		{D5E232F8-52C0-4CB2-A39E-868AE3B4BBAA}.Debug|x64.ActiveCfg = Debug|Any CPU
		{D5E232F8-52C0-4CB2-A39E-868AE3B4BBAA}.Debug|x64.Build.0 = Debug|Any CPU
		{D5E232F8-52C0-4CB2-A39E-868AE3B4BBAA}.Debug|x86.ActiveCfg = Debug|Any CPU
		{D5E232F8-52C0-4CB2-A39E-868AE3B4BBAA}.Debug|x86.Build.0 = Debug|Any CPU
		{D5E232F8-52C0-4CB2-A39E-868AE3B4BBAA}.Release|Any CPU.ActiveCfg = Release|Any CPU
		{D5E232F8-52C0-4CB2-A39E-868AE3B4BBAA}.Release|Any CPU.Build.0 = Release|Any CPU
		{D5E232F8-52C0-4CB2-A39E-868AE3B4BBAA}.Release|ARM.ActiveCfg = Release|Any CPU
		{D5E232F8-52C0-4CB2-A39E-868AE3B4BBAA}.Release|ARM.Build.0 = Release|Any CPU
		{D5E232F8-52C0-4CB2-A39E-868AE3B4BBAA}.Release|x64.ActiveCfg = Release|Any CPU
		{D5E232F8-52C0-4CB2-A39E-868AE3B4BBAA}.Release|x64.Build.0 = Release|Any CPU
		{D5E232F8-52C0-4CB2-A39E-868AE3B4BBAA}.Release|x86.ActiveCfg = Release|Any CPU
		{D5E232F8-52C0-4CB2-A39E-868AE3B4BBAA}.Release|x86.Build.0 = Release|Any CPU
		{57E30945-AECE-4606-A091-F68DFBB58B29}.Debug|Any CPU.ActiveCfg = Debug|Any CPU
		{57E30945-AECE-4606-A091-F68DFBB58B29}.Debug|Any CPU.Build.0 = Debug|Any CPU
		{57E30945-AECE-4606-A091-F68DFBB58B29}.Debug|ARM.ActiveCfg = Debug|Any CPU
		{57E30945-AECE-4606-A091-F68DFBB58B29}.Debug|ARM.Build.0 = Debug|Any CPU
		{57E30945-AECE-4606-A091-F68DFBB58B29}.Debug|x64.ActiveCfg = Debug|Any CPU
		{57E30945-AECE-4606-A091-F68DFBB58B29}.Debug|x64.Build.0 = Debug|Any CPU
		{57E30945-AECE-4606-A091-F68DFBB58B29}.Debug|x86.ActiveCfg = Debug|Any CPU
		{57E30945-AECE-4606-A091-F68DFBB58B29}.Debug|x86.Build.0 = Debug|Any CPU
		{57E30945-AECE-4606-A091-F68DFBB58B29}.Release|Any CPU.ActiveCfg = Release|Any CPU
		{57E30945-AECE-4606-A091-F68DFBB58B29}.Release|Any CPU.Build.0 = Release|Any CPU
		{57E30945-AECE-4606-A091-F68DFBB58B29}.Release|ARM.ActiveCfg = Release|Any CPU
		{57E30945-AECE-4606-A091-F68DFBB58B29}.Release|ARM.Build.0 = Release|Any CPU
		{57E30945-AECE-4606-A091-F68DFBB58B29}.Release|x64.ActiveCfg = Release|Any CPU
		{57E30945-AECE-4606-A091-F68DFBB58B29}.Release|x64.Build.0 = Release|Any CPU
		{57E30945-AECE-4606-A091-F68DFBB58B29}.Release|x86.ActiveCfg = Release|Any CPU
		{57E30945-AECE-4606-A091-F68DFBB58B29}.Release|x86.Build.0 = Release|Any CPU
		{E0AB0297-5736-4110-A41E-523461494F8A}.Debug|Any CPU.ActiveCfg = Debug|Any CPU
		{E0AB0297-5736-4110-A41E-523461494F8A}.Debug|Any CPU.Build.0 = Debug|Any CPU
		{E0AB0297-5736-4110-A41E-523461494F8A}.Debug|ARM.ActiveCfg = Debug|Any CPU
		{E0AB0297-5736-4110-A41E-523461494F8A}.Debug|ARM.Build.0 = Debug|Any CPU
		{E0AB0297-5736-4110-A41E-523461494F8A}.Debug|x64.ActiveCfg = Debug|Any CPU
		{E0AB0297-5736-4110-A41E-523461494F8A}.Debug|x64.Build.0 = Debug|Any CPU
		{E0AB0297-5736-4110-A41E-523461494F8A}.Debug|x86.ActiveCfg = Debug|Any CPU
		{E0AB0297-5736-4110-A41E-523461494F8A}.Debug|x86.Build.0 = Debug|Any CPU
		{E0AB0297-5736-4110-A41E-523461494F8A}.Release|Any CPU.ActiveCfg = Release|Any CPU
		{E0AB0297-5736-4110-A41E-523461494F8A}.Release|Any CPU.Build.0 = Release|Any CPU
		{E0AB0297-5736-4110-A41E-523461494F8A}.Release|ARM.ActiveCfg = Release|Any CPU
		{E0AB0297-5736-4110-A41E-523461494F8A}.Release|ARM.Build.0 = Release|Any CPU
		{E0AB0297-5736-4110-A41E-523461494F8A}.Release|x64.ActiveCfg = Release|Any CPU
		{E0AB0297-5736-4110-A41E-523461494F8A}.Release|x64.Build.0 = Release|Any CPU
		{E0AB0297-5736-4110-A41E-523461494F8A}.Release|x86.ActiveCfg = Release|Any CPU
		{E0AB0297-5736-4110-A41E-523461494F8A}.Release|x86.Build.0 = Release|Any CPU
	EndGlobalSection
	GlobalSection(SolutionProperties) = preSolution
		HideSolutionNode = FALSE
	EndGlobalSection
	GlobalSection(NestedProjects) = preSolution
		{C66C7843-37EB-4275-875A-2FAA37EA2134} = {AC782ACF-45CF-4201-9B0D-F0FA47102515}
	EndGlobalSection
	GlobalSection(ExtensibilityGlobals) = postSolution
		SolutionGuid = {CD871269-795C-4097-8657-7A67207223D4}
	EndGlobalSection
EndGlobal
