
Microsoft Visual Studio Solution File, Format Version 12.00
# Visual Studio Version 17
VisualStudioVersion = 17.5.33627.172
MinimumVisualStudioVersion = 10.0.40219.1
Project("{9A19103F-16F7-4668-BE54-9A1E7A4F7556}") = "RetroEngine.Desktop", "RetroEngine.Desktop\RetroEngine.Desktop.csproj", "{9A5DA8DC-9C86-4698-84C9-08CD384714F8}"
EndProject
Project("{2150E333-8FDC-42A3-9474-1A3956D46DE8}") = "Libs", "Libs", "{AC782ACF-45CF-4201-9B0D-F0FA47102515}"
EndProject
Project("{9A19103F-16F7-4668-BE54-9A1E7A4F7556}") = "RetroEngine.Windows", "RetroEngine.Windows\RetroEngine.Windows.csproj", "{D5E232F8-52C0-4CB2-A39E-868AE3B4BBAA}"
EndProject
Project("{2150E333-8FDC-42A3-9474-1A3956D46DE8}") = "Platforms", "Platforms", "{1325DF66-824F-41AC-B950-9750A51C6569}"
EndProject
Project("{9A19103F-16F7-4668-BE54-9A1E7A4F7556}") = "RetroEngine", "RetroEngine\RetroEngine.csproj", "{04879A81-6740-406B-BD87-1C0F14781BD9}"
EndProject
Project("{9A19103F-16F7-4668-BE54-9A1E7A4F7556}") = "Monogame.ImGuiNet", "Libs\MonoGame.ImGuiNet\Monogame.ImGuiNet.csproj", "{D2B1124E-E97C-4B87-8FBA-C7A11E4B4B16}"
EndProject
Project("{9A19103F-16F7-4668-BE54-9A1E7A4F7556}") = "RetroEngine.Game", "RetroEngine.Game\RetroEngine.Game.csproj", "{26E7F181-33C1-4982-920B-548B6C5E98F1}"
EndProject
Project("{2150E333-8FDC-42A3-9474-1A3956D46DE8}") = "Engine", "Engine", "{88669B7B-2778-4F70-9530-C0784BB6E341}"
EndProject
Project("{2150E333-8FDC-42A3-9474-1A3956D46DE8}") = "Game", "Game", "{4F0B469B-A54A-4CEE-A30F-DCB4D08EF726}"
EndProject
Project("{9A19103F-16F7-4668-BE54-9A1E7A4F7556}") = "RetroEngine.WindowsVK", "RetroEngine.WindowsVK\RetroEngine.WindowsVK.csproj", "{3CB876A0-86A1-4A9D-8751-0457174C8243}"
EndProject
Project("{9A19103F-16F7-4668-BE54-9A1E7A4F7556}") = "Launcher", "Launcher\Launcher.csproj", "{34710328-5010-4D8F-AE19-C4E25153695A}"
EndProject
Project("{2150E333-8FDC-42A3-9474-1A3956D46DE8}") = "Tools", "Tools", "{B079FE1C-C9E6-4F63-90E5-37D30BDDC832}"
EndProject
Project("{9A19103F-16F7-4668-BE54-9A1E7A4F7556}") = "TextureCreator", "TextureCreator\TextureCreator.csproj", "{E562097A-0FAA-41EE-BC68-2C70B17408A8}"
EndProject
Project("{9A19103F-16F7-4668-BE54-9A1E7A4F7556}") = "FmodForFoxes", "Libs\FmodForFoxes\FmodForFoxes.csproj", "{AD91A3D0-3BA4-4C8D-BAE3-40758138F893}"
EndProject
Project("{9A19103F-16F7-4668-BE54-9A1E7A4F7556}") = "FmodForFoxes.Desktop", "Libs\FmodForFoxes.Desktop\FmodForFoxes.Desktop.csproj", "{AC5AC20D-A2CC-4215-A7D4-9CBF2B2971D7}"
EndProject
Project("{9A19103F-16F7-4668-BE54-9A1E7A4F7556}") = "SkeletalMeshEditor", "SkeletalMeshEditor\SkeletalMeshEditor.csproj", "{20B8226E-DA87-4545-B9CC-87D47699DD47}"
EndProject
Project("{9A19103F-16F7-4668-BE54-9A1E7A4F7556}") = "BuildFinalier", "BuildFinalier\BuildFinalier.csproj", "{EFEF054A-476F-4CC2-BD9D-255267387908}"
EndProject
Project("{2150E333-8FDC-42A3-9474-1A3956D46DE8}") = "Navigation", "Navigation", "{531CDCEF-CC52-4D23-91CE-49E8565B16DE}"
EndProject
Project("{9A19103F-16F7-4668-BE54-9A1E7A4F7556}") = "DotRecast.Core", "Libs\Navigation\DotRecast.Core\DotRecast.Core.csproj", "{C455DB1B-B8C1-4878-B714-33EFAD42B1B0}"
EndProject
Project("{9A19103F-16F7-4668-BE54-9A1E7A4F7556}") = "DotRecast.Detour", "Libs\Navigation\DotRecast.Detour\DotRecast.Detour.csproj", "{2D187DF8-C17A-4ACF-9627-EA26D2AAD643}"
EndProject
Project("{9A19103F-16F7-4668-BE54-9A1E7A4F7556}") = "DotRecast.Detour.Crowd", "Libs\Navigation\DotRecast.Detour.Crowd\DotRecast.Detour.Crowd.csproj", "{DC782883-6219-4557-BDC7-1CA779411B73}"
EndProject
Project("{9A19103F-16F7-4668-BE54-9A1E7A4F7556}") = "DotRecast.Detour.Dynamic", "Libs\Navigation\DotRecast.Detour.Dynamic\DotRecast.Detour.Dynamic.csproj", "{755F1190-2827-4164-80DD-93D5CEAA1907}"
EndProject
Project("{9A19103F-16F7-4668-BE54-9A1E7A4F7556}") = "DotRecast.Detour.Extras", "Libs\Navigation\DotRecast.Detour.Extras\DotRecast.Detour.Extras.csproj", "{70C37919-CCC9-486C-B5DF-ACD194E6C0A0}"
EndProject
Project("{9A19103F-16F7-4668-BE54-9A1E7A4F7556}") = "DotRecast.Detour.TileCache", "Libs\Navigation\DotRecast.Detour.TileCache\DotRecast.Detour.TileCache.csproj", "{7571A7D1-60BC-41FC-9DFE-5D3DA0E67A52}"
EndProject
Project("{9A19103F-16F7-4668-BE54-9A1E7A4F7556}") = "DotRecast.Recast", "Libs\Navigation\DotRecast.Recast\DotRecast.Recast.csproj", "{FAC79A66-B424-4B71-AA49-B56E8E62CD27}"
EndProject
Project("{9A19103F-16F7-4668-BE54-9A1E7A4F7556}") = "DotRecast.Recast.Toolset", "Libs\Navigation\DotRecast.Recast.Toolset\DotRecast.Recast.Toolset.csproj", "{AEB2C233-14A7-4B4E-8EB0-4206211006AD}"
EndProject
Project("{2150E333-8FDC-42A3-9474-1A3956D46DE8}") = "Extended", "Extended", "{DBF2DA5B-B901-4942-BB8D-25F90E182EA9}"
EndProject
Project("{9A19103F-16F7-4668-BE54-9A1E7A4F7556}") = "MonoGame.Extended.Text", "Libs\MonogameExtended2\MonoGame.Extended2\Sources\MonoGame.Extended.Text\MonoGame.Extended.Text.csproj", "{AF8CFA5E-E237-4216-9505-9C1C7C0B9008}"
EndProject
Project("{9A19103F-16F7-4668-BE54-9A1E7A4F7556}") = "MonoGame.Extended.VideoPlayback", "Libs\MonogameExtended2\MonoGame.Extended2\Sources\MonoGame.Extended.VideoPlayback\MonoGame.Extended.VideoPlayback.csproj", "{32A8043A-2484-4A8F-9F31-322AA623FF0A}"
EndProject
Project("{9A19103F-16F7-4668-BE54-9A1E7A4F7556}") = "WinForms.ToolBase", "WinForms.ToolBase\WinForms.ToolBase.csproj", "{F5B1B710-E134-4343-AF82-B303C907F818}"
EndProject
Project("{9A19103F-16F7-4668-BE54-9A1E7A4F7556}") = "MonoGame.Extended.WinForms", "Libs\MonogameExtended2\MonoGame.Extended2\Sources\MonoGame.Extended.WinForms\MonoGame.Extended.WinForms.csproj", "{9D8BF19E-D8CF-4163-A086-79C75C66380F}"
EndProject
Project("{9A19103F-16F7-4668-BE54-9A1E7A4F7556}") = "MonoGame.Extended.WinForms.WindowsDX", "Libs\MonogameExtended2\MonoGame.Extended2\Sources\MonoGame.Extended.WinForms.WindowsDX\MonoGame.Extended.WinForms.WindowsDX.csproj", "{D10D3B11-77E9-49F8-A30C-FACAE619C17B}"
EndProject
Global
	GlobalSection(SolutionConfigurationPlatforms) = preSolution
		Debug|Any CPU = Debug|Any CPU
		Debug|ARM = Debug|ARM
		Debug|x64 = Debug|x64
		Debug|x86 = Debug|x86
		Release|Any CPU = Release|Any CPU
		Release|ARM = Release|ARM
		Release|x64 = Release|x64
		Release|x86 = Release|x86
	EndGlobalSection
	GlobalSection(ProjectConfigurationPlatforms) = postSolution
		{9A5DA8DC-9C86-4698-84C9-08CD384714F8}.Debug|Any CPU.ActiveCfg = Debug|Any CPU
		{9A5DA8DC-9C86-4698-84C9-08CD384714F8}.Debug|Any CPU.Build.0 = Debug|Any CPU
		{9A5DA8DC-9C86-4698-84C9-08CD384714F8}.Debug|ARM.ActiveCfg = Debug|Any CPU
		{9A5DA8DC-9C86-4698-84C9-08CD384714F8}.Debug|ARM.Build.0 = Debug|Any CPU
		{9A5DA8DC-9C86-4698-84C9-08CD384714F8}.Debug|x64.ActiveCfg = Debug|x64
		{9A5DA8DC-9C86-4698-84C9-08CD384714F8}.Debug|x64.Build.0 = Debug|x64
		{9A5DA8DC-9C86-4698-84C9-08CD384714F8}.Debug|x86.ActiveCfg = Debug|x86
		{9A5DA8DC-9C86-4698-84C9-08CD384714F8}.Debug|x86.Build.0 = Debug|x86
		{9A5DA8DC-9C86-4698-84C9-08CD384714F8}.Release|Any CPU.ActiveCfg = Release|Any CPU
		{9A5DA8DC-9C86-4698-84C9-08CD384714F8}.Release|Any CPU.Build.0 = Release|Any CPU
		{9A5DA8DC-9C86-4698-84C9-08CD384714F8}.Release|ARM.ActiveCfg = Release|Any CPU
		{9A5DA8DC-9C86-4698-84C9-08CD384714F8}.Release|ARM.Build.0 = Release|Any CPU
		{9A5DA8DC-9C86-4698-84C9-08CD384714F8}.Release|x64.ActiveCfg = Release|x64
		{9A5DA8DC-9C86-4698-84C9-08CD384714F8}.Release|x64.Build.0 = Release|x64
		{9A5DA8DC-9C86-4698-84C9-08CD384714F8}.Release|x86.ActiveCfg = Release|x86
		{9A5DA8DC-9C86-4698-84C9-08CD384714F8}.Release|x86.Build.0 = Release|x86
		{D5E232F8-52C0-4CB2-A39E-868AE3B4BBAA}.Debug|Any CPU.ActiveCfg = Debug|Any CPU
		{D5E232F8-52C0-4CB2-A39E-868AE3B4BBAA}.Debug|Any CPU.Build.0 = Debug|Any CPU
		{D5E232F8-52C0-4CB2-A39E-868AE3B4BBAA}.Debug|ARM.ActiveCfg = Debug|Any CPU
		{D5E232F8-52C0-4CB2-A39E-868AE3B4BBAA}.Debug|ARM.Build.0 = Debug|Any CPU
		{D5E232F8-52C0-4CB2-A39E-868AE3B4BBAA}.Debug|x64.ActiveCfg = Debug|Any CPU
		{D5E232F8-52C0-4CB2-A39E-868AE3B4BBAA}.Debug|x64.Build.0 = Debug|Any CPU
		{D5E232F8-52C0-4CB2-A39E-868AE3B4BBAA}.Debug|x86.ActiveCfg = Debug|Any CPU
		{D5E232F8-52C0-4CB2-A39E-868AE3B4BBAA}.Debug|x86.Build.0 = Debug|Any CPU
		{D5E232F8-52C0-4CB2-A39E-868AE3B4BBAA}.Release|Any CPU.ActiveCfg = Release|Any CPU
		{D5E232F8-52C0-4CB2-A39E-868AE3B4BBAA}.Release|Any CPU.Build.0 = Release|Any CPU
		{D5E232F8-52C0-4CB2-A39E-868AE3B4BBAA}.Release|ARM.ActiveCfg = Release|Any CPU
		{D5E232F8-52C0-4CB2-A39E-868AE3B4BBAA}.Release|ARM.Build.0 = Release|Any CPU
		{D5E232F8-52C0-4CB2-A39E-868AE3B4BBAA}.Release|x64.ActiveCfg = Release|Any CPU
		{D5E232F8-52C0-4CB2-A39E-868AE3B4BBAA}.Release|x64.Build.0 = Release|Any CPU
		{D5E232F8-52C0-4CB2-A39E-868AE3B4BBAA}.Release|x86.ActiveCfg = Release|Any CPU
		{D5E232F8-52C0-4CB2-A39E-868AE3B4BBAA}.Release|x86.Build.0 = Release|Any CPU
		{04879A81-6740-406B-BD87-1C0F14781BD9}.Debug|Any CPU.ActiveCfg = Debug|Any CPU
		{04879A81-6740-406B-BD87-1C0F14781BD9}.Debug|Any CPU.Build.0 = Debug|Any CPU
		{04879A81-6740-406B-BD87-1C0F14781BD9}.Debug|ARM.ActiveCfg = Debug|Any CPU
		{04879A81-6740-406B-BD87-1C0F14781BD9}.Debug|ARM.Build.0 = Debug|Any CPU
		{04879A81-6740-406B-BD87-1C0F14781BD9}.Debug|x64.ActiveCfg = Debug|Any CPU
		{04879A81-6740-406B-BD87-1C0F14781BD9}.Debug|x64.Build.0 = Debug|Any CPU
		{04879A81-6740-406B-BD87-1C0F14781BD9}.Debug|x86.ActiveCfg = Debug|Any CPU
		{04879A81-6740-406B-BD87-1C0F14781BD9}.Debug|x86.Build.0 = Debug|Any CPU
		{04879A81-6740-406B-BD87-1C0F14781BD9}.Release|Any CPU.ActiveCfg = Release|Any CPU
		{04879A81-6740-406B-BD87-1C0F14781BD9}.Release|Any CPU.Build.0 = Release|Any CPU
		{04879A81-6740-406B-BD87-1C0F14781BD9}.Release|ARM.ActiveCfg = Release|Any CPU
		{04879A81-6740-406B-BD87-1C0F14781BD9}.Release|ARM.Build.0 = Release|Any CPU
		{04879A81-6740-406B-BD87-1C0F14781BD9}.Release|x64.ActiveCfg = Release|Any CPU
		{04879A81-6740-406B-BD87-1C0F14781BD9}.Release|x64.Build.0 = Release|Any CPU
		{04879A81-6740-406B-BD87-1C0F14781BD9}.Release|x86.ActiveCfg = Release|Any CPU
		{04879A81-6740-406B-BD87-1C0F14781BD9}.Release|x86.Build.0 = Release|Any CPU
		{D2B1124E-E97C-4B87-8FBA-C7A11E4B4B16}.Debug|Any CPU.ActiveCfg = Debug|Any CPU
		{D2B1124E-E97C-4B87-8FBA-C7A11E4B4B16}.Debug|Any CPU.Build.0 = Debug|Any CPU
		{D2B1124E-E97C-4B87-8FBA-C7A11E4B4B16}.Debug|ARM.ActiveCfg = Debug|Any CPU
		{D2B1124E-E97C-4B87-8FBA-C7A11E4B4B16}.Debug|ARM.Build.0 = Debug|Any CPU
		{D2B1124E-E97C-4B87-8FBA-C7A11E4B4B16}.Debug|x64.ActiveCfg = Debug|Any CPU
		{D2B1124E-E97C-4B87-8FBA-C7A11E4B4B16}.Debug|x64.Build.0 = Debug|Any CPU
		{D2B1124E-E97C-4B87-8FBA-C7A11E4B4B16}.Debug|x86.ActiveCfg = Debug|Any CPU
		{D2B1124E-E97C-4B87-8FBA-C7A11E4B4B16}.Debug|x86.Build.0 = Debug|Any CPU
		{D2B1124E-E97C-4B87-8FBA-C7A11E4B4B16}.Release|Any CPU.ActiveCfg = Release|Any CPU
		{D2B1124E-E97C-4B87-8FBA-C7A11E4B4B16}.Release|Any CPU.Build.0 = Release|Any CPU
		{D2B1124E-E97C-4B87-8FBA-C7A11E4B4B16}.Release|ARM.ActiveCfg = Release|Any CPU
		{D2B1124E-E97C-4B87-8FBA-C7A11E4B4B16}.Release|ARM.Build.0 = Release|Any CPU
		{D2B1124E-E97C-4B87-8FBA-C7A11E4B4B16}.Release|x64.ActiveCfg = Release|Any CPU
		{D2B1124E-E97C-4B87-8FBA-C7A11E4B4B16}.Release|x64.Build.0 = Release|Any CPU
		{D2B1124E-E97C-4B87-8FBA-C7A11E4B4B16}.Release|x86.ActiveCfg = Release|Any CPU
		{D2B1124E-E97C-4B87-8FBA-C7A11E4B4B16}.Release|x86.Build.0 = Release|Any CPU
		{26E7F181-33C1-4982-920B-548B6C5E98F1}.Debug|Any CPU.ActiveCfg = Debug|Any CPU
		{26E7F181-33C1-4982-920B-548B6C5E98F1}.Debug|Any CPU.Build.0 = Debug|Any CPU
		{26E7F181-33C1-4982-920B-548B6C5E98F1}.Debug|ARM.ActiveCfg = Debug|Any CPU
		{26E7F181-33C1-4982-920B-548B6C5E98F1}.Debug|ARM.Build.0 = Debug|Any CPU
		{26E7F181-33C1-4982-920B-548B6C5E98F1}.Debug|x64.ActiveCfg = Debug|Any CPU
		{26E7F181-33C1-4982-920B-548B6C5E98F1}.Debug|x64.Build.0 = Debug|Any CPU
		{26E7F181-33C1-4982-920B-548B6C5E98F1}.Debug|x86.ActiveCfg = Debug|Any CPU
		{26E7F181-33C1-4982-920B-548B6C5E98F1}.Debug|x86.Build.0 = Debug|Any CPU
		{26E7F181-33C1-4982-920B-548B6C5E98F1}.Release|Any CPU.ActiveCfg = Release|Any CPU
		{26E7F181-33C1-4982-920B-548B6C5E98F1}.Release|Any CPU.Build.0 = Release|Any CPU
		{26E7F181-33C1-4982-920B-548B6C5E98F1}.Release|ARM.ActiveCfg = Release|Any CPU
		{26E7F181-33C1-4982-920B-548B6C5E98F1}.Release|ARM.Build.0 = Release|Any CPU
		{26E7F181-33C1-4982-920B-548B6C5E98F1}.Release|x64.ActiveCfg = Release|Any CPU
		{26E7F181-33C1-4982-920B-548B6C5E98F1}.Release|x64.Build.0 = Release|Any CPU
		{26E7F181-33C1-4982-920B-548B6C5E98F1}.Release|x86.ActiveCfg = Release|Any CPU
		{26E7F181-33C1-4982-920B-548B6C5E98F1}.Release|x86.Build.0 = Release|Any CPU
		{3CB876A0-86A1-4A9D-8751-0457174C8243}.Debug|Any CPU.ActiveCfg = Debug|Any CPU
		{3CB876A0-86A1-4A9D-8751-0457174C8243}.Debug|Any CPU.Build.0 = Debug|Any CPU
		{3CB876A0-86A1-4A9D-8751-0457174C8243}.Debug|ARM.ActiveCfg = Debug|Any CPU
		{3CB876A0-86A1-4A9D-8751-0457174C8243}.Debug|ARM.Build.0 = Debug|Any CPU
		{3CB876A0-86A1-4A9D-8751-0457174C8243}.Debug|x64.ActiveCfg = Debug|Any CPU
		{3CB876A0-86A1-4A9D-8751-0457174C8243}.Debug|x64.Build.0 = Debug|Any CPU
		{3CB876A0-86A1-4A9D-8751-0457174C8243}.Debug|x86.ActiveCfg = Debug|Any CPU
		{3CB876A0-86A1-4A9D-8751-0457174C8243}.Debug|x86.Build.0 = Debug|Any CPU
		{3CB876A0-86A1-4A9D-8751-0457174C8243}.Release|Any CPU.ActiveCfg = Release|Any CPU
		{3CB876A0-86A1-4A9D-8751-0457174C8243}.Release|Any CPU.Build.0 = Release|Any CPU
		{3CB876A0-86A1-4A9D-8751-0457174C8243}.Release|ARM.ActiveCfg = Release|Any CPU
		{3CB876A0-86A1-4A9D-8751-0457174C8243}.Release|ARM.Build.0 = Release|Any CPU
		{3CB876A0-86A1-4A9D-8751-0457174C8243}.Release|x64.ActiveCfg = Release|Any CPU
		{3CB876A0-86A1-4A9D-8751-0457174C8243}.Release|x64.Build.0 = Release|Any CPU
		{3CB876A0-86A1-4A9D-8751-0457174C8243}.Release|x86.ActiveCfg = Release|Any CPU
		{3CB876A0-86A1-4A9D-8751-0457174C8243}.Release|x86.Build.0 = Release|Any CPU
		{34710328-5010-4D8F-AE19-C4E25153695A}.Debug|Any CPU.ActiveCfg = Debug|Any CPU
		{34710328-5010-4D8F-AE19-C4E25153695A}.Debug|Any CPU.Build.0 = Debug|Any CPU
		{34710328-5010-4D8F-AE19-C4E25153695A}.Debug|ARM.ActiveCfg = Debug|Any CPU
		{34710328-5010-4D8F-AE19-C4E25153695A}.Debug|ARM.Build.0 = Debug|Any CPU
		{34710328-5010-4D8F-AE19-C4E25153695A}.Debug|x64.ActiveCfg = Debug|Any CPU
		{34710328-5010-4D8F-AE19-C4E25153695A}.Debug|x64.Build.0 = Debug|Any CPU
		{34710328-5010-4D8F-AE19-C4E25153695A}.Debug|x86.ActiveCfg = Debug|Any CPU
		{34710328-5010-4D8F-AE19-C4E25153695A}.Debug|x86.Build.0 = Debug|Any CPU
		{34710328-5010-4D8F-AE19-C4E25153695A}.Release|Any CPU.ActiveCfg = Release|Any CPU
		{34710328-5010-4D8F-AE19-C4E25153695A}.Release|Any CPU.Build.0 = Release|Any CPU
		{34710328-5010-4D8F-AE19-C4E25153695A}.Release|ARM.ActiveCfg = Release|Any CPU
		{34710328-5010-4D8F-AE19-C4E25153695A}.Release|ARM.Build.0 = Release|Any CPU
		{34710328-5010-4D8F-AE19-C4E25153695A}.Release|x64.ActiveCfg = Release|Any CPU
		{34710328-5010-4D8F-AE19-C4E25153695A}.Release|x64.Build.0 = Release|Any CPU
		{34710328-5010-4D8F-AE19-C4E25153695A}.Release|x86.ActiveCfg = Release|Any CPU
		{34710328-5010-4D8F-AE19-C4E25153695A}.Release|x86.Build.0 = Release|Any CPU
		{E562097A-0FAA-41EE-BC68-2C70B17408A8}.Debug|Any CPU.ActiveCfg = Debug|Any CPU
		{E562097A-0FAA-41EE-BC68-2C70B17408A8}.Debug|Any CPU.Build.0 = Debug|Any CPU
		{E562097A-0FAA-41EE-BC68-2C70B17408A8}.Debug|ARM.ActiveCfg = Debug|Any CPU
		{E562097A-0FAA-41EE-BC68-2C70B17408A8}.Debug|ARM.Build.0 = Debug|Any CPU
		{E562097A-0FAA-41EE-BC68-2C70B17408A8}.Debug|x64.ActiveCfg = Debug|Any CPU
		{E562097A-0FAA-41EE-BC68-2C70B17408A8}.Debug|x64.Build.0 = Debug|Any CPU
		{E562097A-0FAA-41EE-BC68-2C70B17408A8}.Debug|x86.ActiveCfg = Debug|Any CPU
		{E562097A-0FAA-41EE-BC68-2C70B17408A8}.Debug|x86.Build.0 = Debug|Any CPU
		{E562097A-0FAA-41EE-BC68-2C70B17408A8}.Release|Any CPU.ActiveCfg = Release|Any CPU
		{E562097A-0FAA-41EE-BC68-2C70B17408A8}.Release|Any CPU.Build.0 = Release|Any CPU
		{E562097A-0FAA-41EE-BC68-2C70B17408A8}.Release|ARM.ActiveCfg = Release|Any CPU
		{E562097A-0FAA-41EE-BC68-2C70B17408A8}.Release|ARM.Build.0 = Release|Any CPU
		{E562097A-0FAA-41EE-BC68-2C70B17408A8}.Release|x64.ActiveCfg = Release|Any CPU
		{E562097A-0FAA-41EE-BC68-2C70B17408A8}.Release|x64.Build.0 = Release|Any CPU
		{E562097A-0FAA-41EE-BC68-2C70B17408A8}.Release|x86.ActiveCfg = Release|Any CPU
		{E562097A-0FAA-41EE-BC68-2C70B17408A8}.Release|x86.Build.0 = Release|Any CPU
		{AD91A3D0-3BA4-4C8D-BAE3-40758138F893}.Debug|Any CPU.ActiveCfg = Debug|Any CPU
		{AD91A3D0-3BA4-4C8D-BAE3-40758138F893}.Debug|Any CPU.Build.0 = Debug|Any CPU
		{AD91A3D0-3BA4-4C8D-BAE3-40758138F893}.Debug|ARM.ActiveCfg = Debug|Any CPU
		{AD91A3D0-3BA4-4C8D-BAE3-40758138F893}.Debug|ARM.Build.0 = Debug|Any CPU
		{AD91A3D0-3BA4-4C8D-BAE3-40758138F893}.Debug|x64.ActiveCfg = Debug|Any CPU
		{AD91A3D0-3BA4-4C8D-BAE3-40758138F893}.Debug|x64.Build.0 = Debug|Any CPU
		{AD91A3D0-3BA4-4C8D-BAE3-40758138F893}.Debug|x86.ActiveCfg = Debug|Any CPU
		{AD91A3D0-3BA4-4C8D-BAE3-40758138F893}.Debug|x86.Build.0 = Debug|Any CPU
		{AD91A3D0-3BA4-4C8D-BAE3-40758138F893}.Release|Any CPU.ActiveCfg = Release|Any CPU
		{AD91A3D0-3BA4-4C8D-BAE3-40758138F893}.Release|Any CPU.Build.0 = Release|Any CPU
		{AD91A3D0-3BA4-4C8D-BAE3-40758138F893}.Release|ARM.ActiveCfg = Release|Any CPU
		{AD91A3D0-3BA4-4C8D-BAE3-40758138F893}.Release|ARM.Build.0 = Release|Any CPU
		{AD91A3D0-3BA4-4C8D-BAE3-40758138F893}.Release|x64.ActiveCfg = Release|Any CPU
		{AD91A3D0-3BA4-4C8D-BAE3-40758138F893}.Release|x64.Build.0 = Release|Any CPU
		{AD91A3D0-3BA4-4C8D-BAE3-40758138F893}.Release|x86.ActiveCfg = Release|Any CPU
		{AD91A3D0-3BA4-4C8D-BAE3-40758138F893}.Release|x86.Build.0 = Release|Any CPU
		{AC5AC20D-A2CC-4215-A7D4-9CBF2B2971D7}.Debug|Any CPU.ActiveCfg = Debug|Any CPU
		{AC5AC20D-A2CC-4215-A7D4-9CBF2B2971D7}.Debug|Any CPU.Build.0 = Debug|Any CPU
		{AC5AC20D-A2CC-4215-A7D4-9CBF2B2971D7}.Debug|ARM.ActiveCfg = Debug|Any CPU
		{AC5AC20D-A2CC-4215-A7D4-9CBF2B2971D7}.Debug|ARM.Build.0 = Debug|Any CPU
		{AC5AC20D-A2CC-4215-A7D4-9CBF2B2971D7}.Debug|x64.ActiveCfg = Debug|Any CPU
		{AC5AC20D-A2CC-4215-A7D4-9CBF2B2971D7}.Debug|x64.Build.0 = Debug|Any CPU
		{AC5AC20D-A2CC-4215-A7D4-9CBF2B2971D7}.Debug|x86.ActiveCfg = Debug|Any CPU
		{AC5AC20D-A2CC-4215-A7D4-9CBF2B2971D7}.Debug|x86.Build.0 = Debug|Any CPU
		{AC5AC20D-A2CC-4215-A7D4-9CBF2B2971D7}.Release|Any CPU.ActiveCfg = Release|Any CPU
		{AC5AC20D-A2CC-4215-A7D4-9CBF2B2971D7}.Release|Any CPU.Build.0 = Release|Any CPU
		{AC5AC20D-A2CC-4215-A7D4-9CBF2B2971D7}.Release|ARM.ActiveCfg = Release|Any CPU
		{AC5AC20D-A2CC-4215-A7D4-9CBF2B2971D7}.Release|ARM.Build.0 = Release|Any CPU
		{AC5AC20D-A2CC-4215-A7D4-9CBF2B2971D7}.Release|x64.ActiveCfg = Release|Any CPU
		{AC5AC20D-A2CC-4215-A7D4-9CBF2B2971D7}.Release|x64.Build.0 = Release|Any CPU
		{AC5AC20D-A2CC-4215-A7D4-9CBF2B2971D7}.Release|x86.ActiveCfg = Release|Any CPU
		{AC5AC20D-A2CC-4215-A7D4-9CBF2B2971D7}.Release|x86.Build.0 = Release|Any CPU
		{20B8226E-DA87-4545-B9CC-87D47699DD47}.Debug|Any CPU.ActiveCfg = Debug|Any CPU
		{20B8226E-DA87-4545-B9CC-87D47699DD47}.Debug|Any CPU.Build.0 = Debug|Any CPU
		{20B8226E-DA87-4545-B9CC-87D47699DD47}.Debug|ARM.ActiveCfg = Debug|Any CPU
		{20B8226E-DA87-4545-B9CC-87D47699DD47}.Debug|ARM.Build.0 = Debug|Any CPU
		{20B8226E-DA87-4545-B9CC-87D47699DD47}.Debug|x64.ActiveCfg = Debug|Any CPU
		{20B8226E-DA87-4545-B9CC-87D47699DD47}.Debug|x64.Build.0 = Debug|Any CPU
		{20B8226E-DA87-4545-B9CC-87D47699DD47}.Debug|x86.ActiveCfg = Debug|Any CPU
		{20B8226E-DA87-4545-B9CC-87D47699DD47}.Debug|x86.Build.0 = Debug|Any CPU
		{20B8226E-DA87-4545-B9CC-87D47699DD47}.Release|Any CPU.ActiveCfg = Release|Any CPU
		{20B8226E-DA87-4545-B9CC-87D47699DD47}.Release|Any CPU.Build.0 = Release|Any CPU
		{20B8226E-DA87-4545-B9CC-87D47699DD47}.Release|ARM.ActiveCfg = Release|Any CPU
		{20B8226E-DA87-4545-B9CC-87D47699DD47}.Release|ARM.Build.0 = Release|Any CPU
		{20B8226E-DA87-4545-B9CC-87D47699DD47}.Release|x64.ActiveCfg = Release|Any CPU
		{20B8226E-DA87-4545-B9CC-87D47699DD47}.Release|x64.Build.0 = Release|Any CPU
		{20B8226E-DA87-4545-B9CC-87D47699DD47}.Release|x86.ActiveCfg = Release|Any CPU
		{20B8226E-DA87-4545-B9CC-87D47699DD47}.Release|x86.Build.0 = Release|Any CPU
		{EFEF054A-476F-4CC2-BD9D-255267387908}.Debug|Any CPU.ActiveCfg = Debug|Any CPU
		{EFEF054A-476F-4CC2-BD9D-255267387908}.Debug|Any CPU.Build.0 = Debug|Any CPU
		{EFEF054A-476F-4CC2-BD9D-255267387908}.Debug|ARM.ActiveCfg = Debug|Any CPU
		{EFEF054A-476F-4CC2-BD9D-255267387908}.Debug|ARM.Build.0 = Debug|Any CPU
		{EFEF054A-476F-4CC2-BD9D-255267387908}.Debug|x64.ActiveCfg = Debug|Any CPU
		{EFEF054A-476F-4CC2-BD9D-255267387908}.Debug|x64.Build.0 = Debug|Any CPU
		{EFEF054A-476F-4CC2-BD9D-255267387908}.Debug|x86.ActiveCfg = Debug|Any CPU
		{EFEF054A-476F-4CC2-BD9D-255267387908}.Debug|x86.Build.0 = Debug|Any CPU
		{EFEF054A-476F-4CC2-BD9D-255267387908}.Release|Any CPU.ActiveCfg = Release|Any CPU
		{EFEF054A-476F-4CC2-BD9D-255267387908}.Release|Any CPU.Build.0 = Release|Any CPU
		{EFEF054A-476F-4CC2-BD9D-255267387908}.Release|ARM.ActiveCfg = Release|Any CPU
		{EFEF054A-476F-4CC2-BD9D-255267387908}.Release|ARM.Build.0 = Release|Any CPU
		{EFEF054A-476F-4CC2-BD9D-255267387908}.Release|x64.ActiveCfg = Release|Any CPU
		{EFEF054A-476F-4CC2-BD9D-255267387908}.Release|x64.Build.0 = Release|Any CPU
		{EFEF054A-476F-4CC2-BD9D-255267387908}.Release|x86.ActiveCfg = Release|Any CPU
		{EFEF054A-476F-4CC2-BD9D-255267387908}.Release|x86.Build.0 = Release|Any CPU
		{C455DB1B-B8C1-4878-B714-33EFAD42B1B0}.Debug|Any CPU.ActiveCfg = Debug|Any CPU
		{C455DB1B-B8C1-4878-B714-33EFAD42B1B0}.Debug|Any CPU.Build.0 = Debug|Any CPU
		{C455DB1B-B8C1-4878-B714-33EFAD42B1B0}.Debug|ARM.ActiveCfg = Debug|Any CPU
		{C455DB1B-B8C1-4878-B714-33EFAD42B1B0}.Debug|ARM.Build.0 = Debug|Any CPU
		{C455DB1B-B8C1-4878-B714-33EFAD42B1B0}.Debug|x64.ActiveCfg = Debug|Any CPU
		{C455DB1B-B8C1-4878-B714-33EFAD42B1B0}.Debug|x64.Build.0 = Debug|Any CPU
		{C455DB1B-B8C1-4878-B714-33EFAD42B1B0}.Debug|x86.ActiveCfg = Debug|Any CPU
		{C455DB1B-B8C1-4878-B714-33EFAD42B1B0}.Debug|x86.Build.0 = Debug|Any CPU
		{C455DB1B-B8C1-4878-B714-33EFAD42B1B0}.Release|Any CPU.ActiveCfg = Release|Any CPU
		{C455DB1B-B8C1-4878-B714-33EFAD42B1B0}.Release|Any CPU.Build.0 = Release|Any CPU
		{C455DB1B-B8C1-4878-B714-33EFAD42B1B0}.Release|ARM.ActiveCfg = Release|Any CPU
		{C455DB1B-B8C1-4878-B714-33EFAD42B1B0}.Release|ARM.Build.0 = Release|Any CPU
		{C455DB1B-B8C1-4878-B714-33EFAD42B1B0}.Release|x64.ActiveCfg = Release|Any CPU
		{C455DB1B-B8C1-4878-B714-33EFAD42B1B0}.Release|x64.Build.0 = Release|Any CPU
		{C455DB1B-B8C1-4878-B714-33EFAD42B1B0}.Release|x86.ActiveCfg = Release|Any CPU
		{C455DB1B-B8C1-4878-B714-33EFAD42B1B0}.Release|x86.Build.0 = Release|Any CPU
		{2D187DF8-C17A-4ACF-9627-EA26D2AAD643}.Debug|Any CPU.ActiveCfg = Debug|Any CPU
		{2D187DF8-C17A-4ACF-9627-EA26D2AAD643}.Debug|Any CPU.Build.0 = Debug|Any CPU
		{2D187DF8-C17A-4ACF-9627-EA26D2AAD643}.Debug|ARM.ActiveCfg = Debug|Any CPU
		{2D187DF8-C17A-4ACF-9627-EA26D2AAD643}.Debug|ARM.Build.0 = Debug|Any CPU
		{2D187DF8-C17A-4ACF-9627-EA26D2AAD643}.Debug|x64.ActiveCfg = Debug|Any CPU
		{2D187DF8-C17A-4ACF-9627-EA26D2AAD643}.Debug|x64.Build.0 = Debug|Any CPU
		{2D187DF8-C17A-4ACF-9627-EA26D2AAD643}.Debug|x86.ActiveCfg = Debug|Any CPU
		{2D187DF8-C17A-4ACF-9627-EA26D2AAD643}.Debug|x86.Build.0 = Debug|Any CPU
		{2D187DF8-C17A-4ACF-9627-EA26D2AAD643}.Release|Any CPU.ActiveCfg = Release|Any CPU
		{2D187DF8-C17A-4ACF-9627-EA26D2AAD643}.Release|Any CPU.Build.0 = Release|Any CPU
		{2D187DF8-C17A-4ACF-9627-EA26D2AAD643}.Release|ARM.ActiveCfg = Release|Any CPU
		{2D187DF8-C17A-4ACF-9627-EA26D2AAD643}.Release|ARM.Build.0 = Release|Any CPU
		{2D187DF8-C17A-4ACF-9627-EA26D2AAD643}.Release|x64.ActiveCfg = Release|Any CPU
		{2D187DF8-C17A-4ACF-9627-EA26D2AAD643}.Release|x64.Build.0 = Release|Any CPU
		{2D187DF8-C17A-4ACF-9627-EA26D2AAD643}.Release|x86.ActiveCfg = Release|Any CPU
		{2D187DF8-C17A-4ACF-9627-EA26D2AAD643}.Release|x86.Build.0 = Release|Any CPU
		{DC782883-6219-4557-BDC7-1CA779411B73}.Debug|Any CPU.ActiveCfg = Debug|Any CPU
		{DC782883-6219-4557-BDC7-1CA779411B73}.Debug|Any CPU.Build.0 = Debug|Any CPU
		{DC782883-6219-4557-BDC7-1CA779411B73}.Debug|ARM.ActiveCfg = Debug|Any CPU
		{DC782883-6219-4557-BDC7-1CA779411B73}.Debug|ARM.Build.0 = Debug|Any CPU
		{DC782883-6219-4557-BDC7-1CA779411B73}.Debug|x64.ActiveCfg = Debug|Any CPU
		{DC782883-6219-4557-BDC7-1CA779411B73}.Debug|x64.Build.0 = Debug|Any CPU
		{DC782883-6219-4557-BDC7-1CA779411B73}.Debug|x86.ActiveCfg = Debug|Any CPU
		{DC782883-6219-4557-BDC7-1CA779411B73}.Debug|x86.Build.0 = Debug|Any CPU
		{DC782883-6219-4557-BDC7-1CA779411B73}.Release|Any CPU.ActiveCfg = Release|Any CPU
		{DC782883-6219-4557-BDC7-1CA779411B73}.Release|Any CPU.Build.0 = Release|Any CPU
		{DC782883-6219-4557-BDC7-1CA779411B73}.Release|ARM.ActiveCfg = Release|Any CPU
		{DC782883-6219-4557-BDC7-1CA779411B73}.Release|ARM.Build.0 = Release|Any CPU
		{DC782883-6219-4557-BDC7-1CA779411B73}.Release|x64.ActiveCfg = Release|Any CPU
		{DC782883-6219-4557-BDC7-1CA779411B73}.Release|x64.Build.0 = Release|Any CPU
		{DC782883-6219-4557-BDC7-1CA779411B73}.Release|x86.ActiveCfg = Release|Any CPU
		{DC782883-6219-4557-BDC7-1CA779411B73}.Release|x86.Build.0 = Release|Any CPU
		{755F1190-2827-4164-80DD-93D5CEAA1907}.Debug|Any CPU.ActiveCfg = Debug|Any CPU
		{755F1190-2827-4164-80DD-93D5CEAA1907}.Debug|Any CPU.Build.0 = Debug|Any CPU
		{755F1190-2827-4164-80DD-93D5CEAA1907}.Debug|ARM.ActiveCfg = Debug|Any CPU
		{755F1190-2827-4164-80DD-93D5CEAA1907}.Debug|ARM.Build.0 = Debug|Any CPU
		{755F1190-2827-4164-80DD-93D5CEAA1907}.Debug|x64.ActiveCfg = Debug|Any CPU
		{755F1190-2827-4164-80DD-93D5CEAA1907}.Debug|x64.Build.0 = Debug|Any CPU
		{755F1190-2827-4164-80DD-93D5CEAA1907}.Debug|x86.ActiveCfg = Debug|Any CPU
		{755F1190-2827-4164-80DD-93D5CEAA1907}.Debug|x86.Build.0 = Debug|Any CPU
		{755F1190-2827-4164-80DD-93D5CEAA1907}.Release|Any CPU.ActiveCfg = Release|Any CPU
		{755F1190-2827-4164-80DD-93D5CEAA1907}.Release|Any CPU.Build.0 = Release|Any CPU
		{755F1190-2827-4164-80DD-93D5CEAA1907}.Release|ARM.ActiveCfg = Release|Any CPU
		{755F1190-2827-4164-80DD-93D5CEAA1907}.Release|ARM.Build.0 = Release|Any CPU
		{755F1190-2827-4164-80DD-93D5CEAA1907}.Release|x64.ActiveCfg = Release|Any CPU
		{755F1190-2827-4164-80DD-93D5CEAA1907}.Release|x64.Build.0 = Release|Any CPU
		{755F1190-2827-4164-80DD-93D5CEAA1907}.Release|x86.ActiveCfg = Release|Any CPU
		{755F1190-2827-4164-80DD-93D5CEAA1907}.Release|x86.Build.0 = Release|Any CPU
		{70C37919-CCC9-486C-B5DF-ACD194E6C0A0}.Debug|Any CPU.ActiveCfg = Debug|Any CPU
		{70C37919-CCC9-486C-B5DF-ACD194E6C0A0}.Debug|Any CPU.Build.0 = Debug|Any CPU
		{70C37919-CCC9-486C-B5DF-ACD194E6C0A0}.Debug|ARM.ActiveCfg = Debug|Any CPU
		{70C37919-CCC9-486C-B5DF-ACD194E6C0A0}.Debug|ARM.Build.0 = Debug|Any CPU
		{70C37919-CCC9-486C-B5DF-ACD194E6C0A0}.Debug|x64.ActiveCfg = Debug|Any CPU
		{70C37919-CCC9-486C-B5DF-ACD194E6C0A0}.Debug|x64.Build.0 = Debug|Any CPU
		{70C37919-CCC9-486C-B5DF-ACD194E6C0A0}.Debug|x86.ActiveCfg = Debug|Any CPU
		{70C37919-CCC9-486C-B5DF-ACD194E6C0A0}.Debug|x86.Build.0 = Debug|Any CPU
		{70C37919-CCC9-486C-B5DF-ACD194E6C0A0}.Release|Any CPU.ActiveCfg = Release|Any CPU
		{70C37919-CCC9-486C-B5DF-ACD194E6C0A0}.Release|Any CPU.Build.0 = Release|Any CPU
		{70C37919-CCC9-486C-B5DF-ACD194E6C0A0}.Release|ARM.ActiveCfg = Release|Any CPU
		{70C37919-CCC9-486C-B5DF-ACD194E6C0A0}.Release|ARM.Build.0 = Release|Any CPU
		{70C37919-CCC9-486C-B5DF-ACD194E6C0A0}.Release|x64.ActiveCfg = Release|Any CPU
		{70C37919-CCC9-486C-B5DF-ACD194E6C0A0}.Release|x64.Build.0 = Release|Any CPU
		{70C37919-CCC9-486C-B5DF-ACD194E6C0A0}.Release|x86.ActiveCfg = Release|Any CPU
		{70C37919-CCC9-486C-B5DF-ACD194E6C0A0}.Release|x86.Build.0 = Release|Any CPU
		{7571A7D1-60BC-41FC-9DFE-5D3DA0E67A52}.Debug|Any CPU.ActiveCfg = Debug|Any CPU
		{7571A7D1-60BC-41FC-9DFE-5D3DA0E67A52}.Debug|Any CPU.Build.0 = Debug|Any CPU
		{7571A7D1-60BC-41FC-9DFE-5D3DA0E67A52}.Debug|ARM.ActiveCfg = Debug|Any CPU
		{7571A7D1-60BC-41FC-9DFE-5D3DA0E67A52}.Debug|ARM.Build.0 = Debug|Any CPU
		{7571A7D1-60BC-41FC-9DFE-5D3DA0E67A52}.Debug|x64.ActiveCfg = Debug|Any CPU
		{7571A7D1-60BC-41FC-9DFE-5D3DA0E67A52}.Debug|x64.Build.0 = Debug|Any CPU
		{7571A7D1-60BC-41FC-9DFE-5D3DA0E67A52}.Debug|x86.ActiveCfg = Debug|Any CPU
		{7571A7D1-60BC-41FC-9DFE-5D3DA0E67A52}.Debug|x86.Build.0 = Debug|Any CPU
		{7571A7D1-60BC-41FC-9DFE-5D3DA0E67A52}.Release|Any CPU.ActiveCfg = Release|Any CPU
		{7571A7D1-60BC-41FC-9DFE-5D3DA0E67A52}.Release|Any CPU.Build.0 = Release|Any CPU
		{7571A7D1-60BC-41FC-9DFE-5D3DA0E67A52}.Release|ARM.ActiveCfg = Release|Any CPU
		{7571A7D1-60BC-41FC-9DFE-5D3DA0E67A52}.Release|ARM.Build.0 = Release|Any CPU
		{7571A7D1-60BC-41FC-9DFE-5D3DA0E67A52}.Release|x64.ActiveCfg = Release|Any CPU
		{7571A7D1-60BC-41FC-9DFE-5D3DA0E67A52}.Release|x64.Build.0 = Release|Any CPU
		{7571A7D1-60BC-41FC-9DFE-5D3DA0E67A52}.Release|x86.ActiveCfg = Release|Any CPU
		{7571A7D1-60BC-41FC-9DFE-5D3DA0E67A52}.Release|x86.Build.0 = Release|Any CPU
		{FAC79A66-B424-4B71-AA49-B56E8E62CD27}.Debug|Any CPU.ActiveCfg = Debug|Any CPU
		{FAC79A66-B424-4B71-AA49-B56E8E62CD27}.Debug|Any CPU.Build.0 = Debug|Any CPU
		{FAC79A66-B424-4B71-AA49-B56E8E62CD27}.Debug|ARM.ActiveCfg = Debug|Any CPU
		{FAC79A66-B424-4B71-AA49-B56E8E62CD27}.Debug|ARM.Build.0 = Debug|Any CPU
		{FAC79A66-B424-4B71-AA49-B56E8E62CD27}.Debug|x64.ActiveCfg = Debug|Any CPU
		{FAC79A66-B424-4B71-AA49-B56E8E62CD27}.Debug|x64.Build.0 = Debug|Any CPU
		{FAC79A66-B424-4B71-AA49-B56E8E62CD27}.Debug|x86.ActiveCfg = Debug|Any CPU
		{FAC79A66-B424-4B71-AA49-B56E8E62CD27}.Debug|x86.Build.0 = Debug|Any CPU
		{FAC79A66-B424-4B71-AA49-B56E8E62CD27}.Release|Any CPU.ActiveCfg = Release|Any CPU
		{FAC79A66-B424-4B71-AA49-B56E8E62CD27}.Release|Any CPU.Build.0 = Release|Any CPU
		{FAC79A66-B424-4B71-AA49-B56E8E62CD27}.Release|ARM.ActiveCfg = Release|Any CPU
		{FAC79A66-B424-4B71-AA49-B56E8E62CD27}.Release|ARM.Build.0 = Release|Any CPU
		{FAC79A66-B424-4B71-AA49-B56E8E62CD27}.Release|x64.ActiveCfg = Release|Any CPU
		{FAC79A66-B424-4B71-AA49-B56E8E62CD27}.Release|x64.Build.0 = Release|Any CPU
		{FAC79A66-B424-4B71-AA49-B56E8E62CD27}.Release|x86.ActiveCfg = Release|Any CPU
		{FAC79A66-B424-4B71-AA49-B56E8E62CD27}.Release|x86.Build.0 = Release|Any CPU
		{AEB2C233-14A7-4B4E-8EB0-4206211006AD}.Debug|Any CPU.ActiveCfg = Debug|Any CPU
		{AEB2C233-14A7-4B4E-8EB0-4206211006AD}.Debug|Any CPU.Build.0 = Debug|Any CPU
		{AEB2C233-14A7-4B4E-8EB0-4206211006AD}.Debug|ARM.ActiveCfg = Debug|Any CPU
		{AEB2C233-14A7-4B4E-8EB0-4206211006AD}.Debug|ARM.Build.0 = Debug|Any CPU
		{AEB2C233-14A7-4B4E-8EB0-4206211006AD}.Debug|x64.ActiveCfg = Debug|Any CPU
		{AEB2C233-14A7-4B4E-8EB0-4206211006AD}.Debug|x64.Build.0 = Debug|Any CPU
		{AEB2C233-14A7-4B4E-8EB0-4206211006AD}.Debug|x86.ActiveCfg = Debug|Any CPU
		{AEB2C233-14A7-4B4E-8EB0-4206211006AD}.Debug|x86.Build.0 = Debug|Any CPU
		{AEB2C233-14A7-4B4E-8EB0-4206211006AD}.Release|Any CPU.ActiveCfg = Release|Any CPU
		{AEB2C233-14A7-4B4E-8EB0-4206211006AD}.Release|Any CPU.Build.0 = Release|Any CPU
		{AEB2C233-14A7-4B4E-8EB0-4206211006AD}.Release|ARM.ActiveCfg = Release|Any CPU
		{AEB2C233-14A7-4B4E-8EB0-4206211006AD}.Release|ARM.Build.0 = Release|Any CPU
		{AEB2C233-14A7-4B4E-8EB0-4206211006AD}.Release|x64.ActiveCfg = Release|Any CPU
		{AEB2C233-14A7-4B4E-8EB0-4206211006AD}.Release|x64.Build.0 = Release|Any CPU
		{AEB2C233-14A7-4B4E-8EB0-4206211006AD}.Release|x86.ActiveCfg = Release|Any CPU
		{AEB2C233-14A7-4B4E-8EB0-4206211006AD}.Release|x86.Build.0 = Release|Any CPU
		{AF8CFA5E-E237-4216-9505-9C1C7C0B9008}.Debug|Any CPU.ActiveCfg = Debug|Any CPU
		{AF8CFA5E-E237-4216-9505-9C1C7C0B9008}.Debug|Any CPU.Build.0 = Debug|Any CPU
		{AF8CFA5E-E237-4216-9505-9C1C7C0B9008}.Debug|ARM.ActiveCfg = Debug|Any CPU
		{AF8CFA5E-E237-4216-9505-9C1C7C0B9008}.Debug|ARM.Build.0 = Debug|Any CPU
		{AF8CFA5E-E237-4216-9505-9C1C7C0B9008}.Debug|x64.ActiveCfg = Debug|Any CPU
		{AF8CFA5E-E237-4216-9505-9C1C7C0B9008}.Debug|x64.Build.0 = Debug|Any CPU
		{AF8CFA5E-E237-4216-9505-9C1C7C0B9008}.Debug|x86.ActiveCfg = Debug|Any CPU
		{AF8CFA5E-E237-4216-9505-9C1C7C0B9008}.Debug|x86.Build.0 = Debug|Any CPU
		{AF8CFA5E-E237-4216-9505-9C1C7C0B9008}.Release|Any CPU.ActiveCfg = Release|Any CPU
		{AF8CFA5E-E237-4216-9505-9C1C7C0B9008}.Release|Any CPU.Build.0 = Release|Any CPU
		{AF8CFA5E-E237-4216-9505-9C1C7C0B9008}.Release|ARM.ActiveCfg = Release|Any CPU
		{AF8CFA5E-E237-4216-9505-9C1C7C0B9008}.Release|ARM.Build.0 = Release|Any CPU
		{AF8CFA5E-E237-4216-9505-9C1C7C0B9008}.Release|x64.ActiveCfg = Release|Any CPU
		{AF8CFA5E-E237-4216-9505-9C1C7C0B9008}.Release|x64.Build.0 = Release|Any CPU
		{AF8CFA5E-E237-4216-9505-9C1C7C0B9008}.Release|x86.ActiveCfg = Release|Any CPU
		{AF8CFA5E-E237-4216-9505-9C1C7C0B9008}.Release|x86.Build.0 = Release|Any CPU
		{32A8043A-2484-4A8F-9F31-322AA623FF0A}.Debug|Any CPU.ActiveCfg = Debug|Any CPU
		{32A8043A-2484-4A8F-9F31-322AA623FF0A}.Debug|Any CPU.Build.0 = Debug|Any CPU
		{32A8043A-2484-4A8F-9F31-322AA623FF0A}.Debug|ARM.ActiveCfg = Debug|Any CPU
		{32A8043A-2484-4A8F-9F31-322AA623FF0A}.Debug|ARM.Build.0 = Debug|Any CPU
		{32A8043A-2484-4A8F-9F31-322AA623FF0A}.Debug|x64.ActiveCfg = Debug|Any CPU
		{32A8043A-2484-4A8F-9F31-322AA623FF0A}.Debug|x64.Build.0 = Debug|Any CPU
		{32A8043A-2484-4A8F-9F31-322AA623FF0A}.Debug|x86.ActiveCfg = Debug|Any CPU
		{32A8043A-2484-4A8F-9F31-322AA623FF0A}.Debug|x86.Build.0 = Debug|Any CPU
		{32A8043A-2484-4A8F-9F31-322AA623FF0A}.Release|Any CPU.ActiveCfg = Release|Any CPU
		{32A8043A-2484-4A8F-9F31-322AA623FF0A}.Release|Any CPU.Build.0 = Release|Any CPU
		{32A8043A-2484-4A8F-9F31-322AA623FF0A}.Release|ARM.ActiveCfg = Release|Any CPU
		{32A8043A-2484-4A8F-9F31-322AA623FF0A}.Release|ARM.Build.0 = Release|Any CPU
		{32A8043A-2484-4A8F-9F31-322AA623FF0A}.Release|x64.ActiveCfg = Release|Any CPU
		{32A8043A-2484-4A8F-9F31-322AA623FF0A}.Release|x64.Build.0 = Release|Any CPU
		{32A8043A-2484-4A8F-9F31-322AA623FF0A}.Release|x86.ActiveCfg = Release|Any CPU
		{32A8043A-2484-4A8F-9F31-322AA623FF0A}.Release|x86.Build.0 = Release|Any CPU
		{F5B1B710-E134-4343-AF82-B303C907F818}.Debug|Any CPU.ActiveCfg = Debug|Any CPU
		{F5B1B710-E134-4343-AF82-B303C907F818}.Debug|Any CPU.Build.0 = Debug|Any CPU
		{F5B1B710-E134-4343-AF82-B303C907F818}.Debug|ARM.ActiveCfg = Debug|Any CPU
		{F5B1B710-E134-4343-AF82-B303C907F818}.Debug|ARM.Build.0 = Debug|Any CPU
		{F5B1B710-E134-4343-AF82-B303C907F818}.Debug|x64.ActiveCfg = Debug|Any CPU
		{F5B1B710-E134-4343-AF82-B303C907F818}.Debug|x64.Build.0 = Debug|Any CPU
		{F5B1B710-E134-4343-AF82-B303C907F818}.Debug|x86.ActiveCfg = Debug|Any CPU
		{F5B1B710-E134-4343-AF82-B303C907F818}.Debug|x86.Build.0 = Debug|Any CPU
		{F5B1B710-E134-4343-AF82-B303C907F818}.Release|Any CPU.ActiveCfg = Release|Any CPU
		{F5B1B710-E134-4343-AF82-B303C907F818}.Release|Any CPU.Build.0 = Release|Any CPU
		{F5B1B710-E134-4343-AF82-B303C907F818}.Release|ARM.ActiveCfg = Release|Any CPU
		{F5B1B710-E134-4343-AF82-B303C907F818}.Release|ARM.Build.0 = Release|Any CPU
		{F5B1B710-E134-4343-AF82-B303C907F818}.Release|x64.ActiveCfg = Release|Any CPU
		{F5B1B710-E134-4343-AF82-B303C907F818}.Release|x64.Build.0 = Release|Any CPU
		{F5B1B710-E134-4343-AF82-B303C907F818}.Release|x86.ActiveCfg = Release|Any CPU
		{F5B1B710-E134-4343-AF82-B303C907F818}.Release|x86.Build.0 = Release|Any CPU
		{9D8BF19E-D8CF-4163-A086-79C75C66380F}.Debug|Any CPU.ActiveCfg = Debug|Any CPU
		{9D8BF19E-D8CF-4163-A086-79C75C66380F}.Debug|Any CPU.Build.0 = Debug|Any CPU
		{9D8BF19E-D8CF-4163-A086-79C75C66380F}.Debug|ARM.ActiveCfg = Debug|Any CPU
		{9D8BF19E-D8CF-4163-A086-79C75C66380F}.Debug|ARM.Build.0 = Debug|Any CPU
		{9D8BF19E-D8CF-4163-A086-79C75C66380F}.Debug|x64.ActiveCfg = Debug|Any CPU
		{9D8BF19E-D8CF-4163-A086-79C75C66380F}.Debug|x64.Build.0 = Debug|Any CPU
		{9D8BF19E-D8CF-4163-A086-79C75C66380F}.Debug|x86.ActiveCfg = Debug|Any CPU
		{9D8BF19E-D8CF-4163-A086-79C75C66380F}.Debug|x86.Build.0 = Debug|Any CPU
		{9D8BF19E-D8CF-4163-A086-79C75C66380F}.Release|Any CPU.ActiveCfg = Release|Any CPU
		{9D8BF19E-D8CF-4163-A086-79C75C66380F}.Release|Any CPU.Build.0 = Release|Any CPU
		{9D8BF19E-D8CF-4163-A086-79C75C66380F}.Release|ARM.ActiveCfg = Release|Any CPU
		{9D8BF19E-D8CF-4163-A086-79C75C66380F}.Release|ARM.Build.0 = Release|Any CPU
		{9D8BF19E-D8CF-4163-A086-79C75C66380F}.Release|x64.ActiveCfg = Release|Any CPU
		{9D8BF19E-D8CF-4163-A086-79C75C66380F}.Release|x64.Build.0 = Release|Any CPU
		{9D8BF19E-D8CF-4163-A086-79C75C66380F}.Release|x86.ActiveCfg = Release|Any CPU
		{9D8BF19E-D8CF-4163-A086-79C75C66380F}.Release|x86.Build.0 = Release|Any CPU
		{D10D3B11-77E9-49F8-A30C-FACAE619C17B}.Debug|Any CPU.ActiveCfg = Debug|Any CPU
		{D10D3B11-77E9-49F8-A30C-FACAE619C17B}.Debug|Any CPU.Build.0 = Debug|Any CPU
		{D10D3B11-77E9-49F8-A30C-FACAE619C17B}.Debug|ARM.ActiveCfg = Debug|Any CPU
		{D10D3B11-77E9-49F8-A30C-FACAE619C17B}.Debug|ARM.Build.0 = Debug|Any CPU
		{D10D3B11-77E9-49F8-A30C-FACAE619C17B}.Debug|x64.ActiveCfg = Debug|Any CPU
		{D10D3B11-77E9-49F8-A30C-FACAE619C17B}.Debug|x64.Build.0 = Debug|Any CPU
		{D10D3B11-77E9-49F8-A30C-FACAE619C17B}.Debug|x86.ActiveCfg = Debug|Any CPU
		{D10D3B11-77E9-49F8-A30C-FACAE619C17B}.Debug|x86.Build.0 = Debug|Any CPU
		{D10D3B11-77E9-49F8-A30C-FACAE619C17B}.Release|Any CPU.ActiveCfg = Release|Any CPU
		{D10D3B11-77E9-49F8-A30C-FACAE619C17B}.Release|Any CPU.Build.0 = Release|Any CPU
		{D10D3B11-77E9-49F8-A30C-FACAE619C17B}.Release|ARM.ActiveCfg = Release|Any CPU
		{D10D3B11-77E9-49F8-A30C-FACAE619C17B}.Release|ARM.Build.0 = Release|Any CPU
		{D10D3B11-77E9-49F8-A30C-FACAE619C17B}.Release|x64.ActiveCfg = Release|Any CPU
		{D10D3B11-77E9-49F8-A30C-FACAE619C17B}.Release|x64.Build.0 = Release|Any CPU
		{D10D3B11-77E9-49F8-A30C-FACAE619C17B}.Release|x86.ActiveCfg = Release|Any CPU
		{D10D3B11-77E9-49F8-A30C-FACAE619C17B}.Release|x86.Build.0 = Release|Any CPU
	EndGlobalSection
	GlobalSection(SolutionProperties) = preSolution
		HideSolutionNode = FALSE
	EndGlobalSection
	GlobalSection(NestedProjects) = preSolution
		{9A5DA8DC-9C86-4698-84C9-08CD384714F8} = {1325DF66-824F-41AC-B950-9750A51C6569}
		{AC782ACF-45CF-4201-9B0D-F0FA47102515} = {88669B7B-2778-4F70-9530-C0784BB6E341}
		{D5E232F8-52C0-4CB2-A39E-868AE3B4BBAA} = {1325DF66-824F-41AC-B950-9750A51C6569}
		{1325DF66-824F-41AC-B950-9750A51C6569} = {88669B7B-2778-4F70-9530-C0784BB6E341}
		{04879A81-6740-406B-BD87-1C0F14781BD9} = {88669B7B-2778-4F70-9530-C0784BB6E341}
		{D2B1124E-E97C-4B87-8FBA-C7A11E4B4B16} = {AC782ACF-45CF-4201-9B0D-F0FA47102515}
		{26E7F181-33C1-4982-920B-548B6C5E98F1} = {4F0B469B-A54A-4CEE-A30F-DCB4D08EF726}
		{3CB876A0-86A1-4A9D-8751-0457174C8243} = {1325DF66-824F-41AC-B950-9750A51C6569}
		{E562097A-0FAA-41EE-BC68-2C70B17408A8} = {B079FE1C-C9E6-4F63-90E5-37D30BDDC832}
		{AD91A3D0-3BA4-4C8D-BAE3-40758138F893} = {AC782ACF-45CF-4201-9B0D-F0FA47102515}
		{AC5AC20D-A2CC-4215-A7D4-9CBF2B2971D7} = {AC782ACF-45CF-4201-9B0D-F0FA47102515}
		{20B8226E-DA87-4545-B9CC-87D47699DD47} = {B079FE1C-C9E6-4F63-90E5-37D30BDDC832}
		{EFEF054A-476F-4CC2-BD9D-255267387908} = {B079FE1C-C9E6-4F63-90E5-37D30BDDC832}
		{531CDCEF-CC52-4D23-91CE-49E8565B16DE} = {AC782ACF-45CF-4201-9B0D-F0FA47102515}
		{C455DB1B-B8C1-4878-B714-33EFAD42B1B0} = {531CDCEF-CC52-4D23-91CE-49E8565B16DE}
		{2D187DF8-C17A-4ACF-9627-EA26D2AAD643} = {531CDCEF-CC52-4D23-91CE-49E8565B16DE}
		{DC782883-6219-4557-BDC7-1CA779411B73} = {531CDCEF-CC52-4D23-91CE-49E8565B16DE}
		{755F1190-2827-4164-80DD-93D5CEAA1907} = {531CDCEF-CC52-4D23-91CE-49E8565B16DE}
		{70C37919-CCC9-486C-B5DF-ACD194E6C0A0} = {531CDCEF-CC52-4D23-91CE-49E8565B16DE}
		{7571A7D1-60BC-41FC-9DFE-5D3DA0E67A52} = {531CDCEF-CC52-4D23-91CE-49E8565B16DE}
		{FAC79A66-B424-4B71-AA49-B56E8E62CD27} = {531CDCEF-CC52-4D23-91CE-49E8565B16DE}
		{AEB2C233-14A7-4B4E-8EB0-4206211006AD} = {531CDCEF-CC52-4D23-91CE-49E8565B16DE}
		{DBF2DA5B-B901-4942-BB8D-25F90E182EA9} = {AC782ACF-45CF-4201-9B0D-F0FA47102515}
		{AF8CFA5E-E237-4216-9505-9C1C7C0B9008} = {DBF2DA5B-B901-4942-BB8D-25F90E182EA9}
		{32A8043A-2484-4A8F-9F31-322AA623FF0A} = {DBF2DA5B-B901-4942-BB8D-25F90E182EA9}
		{F5B1B710-E134-4343-AF82-B303C907F818} = {B079FE1C-C9E6-4F63-90E5-37D30BDDC832}
		{9D8BF19E-D8CF-4163-A086-79C75C66380F} = {DBF2DA5B-B901-4942-BB8D-25F90E182EA9}
		{D10D3B11-77E9-49F8-A30C-FACAE619C17B} = {DBF2DA5B-B901-4942-BB8D-25F90E182EA9}
	EndGlobalSection
	GlobalSection(ExtensibilityGlobals) = postSolution
		SolutionGuid = {CD871269-795C-4097-8657-7A67207223D4}
	EndGlobalSection
EndGlobal
